// !$*UTF8*$!
{
	archiveVersion = 1;
	classes = {
	};
	objectVersion = 56;
	objects = {

/* Begin PBXBuildFile section */
		B7033FBB2AC4D07800B760F1 /* threads_cloneApp.swift in Sources */ = {isa = PBXBuildFile; fileRef = B7033FBA2AC4D07800B760F1 /* threads_cloneApp.swift */; };
		B7033FBD2AC4D07800B760F1 /* ContentView.swift in Sources */ = {isa = PBXBuildFile; fileRef = B7033FBC2AC4D07800B760F1 /* ContentView.swift */; };
		B7033FBF2AC4D07900B760F1 /* Assets.xcassets in Resources */ = {isa = PBXBuildFile; fileRef = B7033FBE2AC4D07900B760F1 /* Assets.xcassets */; };
		B7033FC22AC4D07900B760F1 /* Preview Assets.xcassets in Resources */ = {isa = PBXBuildFile; fileRef = B7033FC12AC4D07900B760F1 /* Preview Assets.xcassets */; };
		B7033FD42AC4D23100B760F1 /* LoginView.swift in Sources */ = {isa = PBXBuildFile; fileRef = B7033FD32AC4D23100B760F1 /* LoginView.swift */; };
		B7033FD62AC4D6D100B760F1 /* .gitignore in Resources */ = {isa = PBXBuildFile; fileRef = B7033FD52AC4D6D100B760F1 /* .gitignore */; };
		B73FB22D2AC4FEEF007C5A8B /* RegistrationView.swift in Sources */ = {isa = PBXBuildFile; fileRef = B73FB22C2AC4FEEF007C5A8B /* RegistrationView.swift */; };
		B73FB2302AC5025F007C5A8B /* ThreadsTextFieldModifier.swift in Sources */ = {isa = PBXBuildFile; fileRef = B73FB22F2AC5025F007C5A8B /* ThreadsTextFieldModifier.swift */; };
		B73FB2332AC50679007C5A8B /* ThreadsButtomFieldModifier.swift in Sources */ = {isa = PBXBuildFile; fileRef = B73FB2322AC50679007C5A8B /* ThreadsButtomFieldModifier.swift */; };
		B73FB2352AC50788007C5A8B /* ThreadsTabView.swift in Sources */ = {isa = PBXBuildFile; fileRef = B73FB2342AC50787007C5A8B /* ThreadsTabView.swift */; };
		B73FB2392AC50D9A007C5A8B /* FeedView.swift in Sources */ = {isa = PBXBuildFile; fileRef = B73FB2382AC50D99007C5A8B /* FeedView.swift */; };
		B73FB23E2AC50E38007C5A8B /* ExploreView.swift in Sources */ = {isa = PBXBuildFile; fileRef = B73FB23D2AC50E38007C5A8B /* ExploreView.swift */; };
		B73FB2422AC50E8D007C5A8B /* CreateThreadView.swift in Sources */ = {isa = PBXBuildFile; fileRef = B73FB2412AC50E8D007C5A8B /* CreateThreadView.swift */; };
		B73FB2462AC50EC9007C5A8B /* ActivityView.swift in Sources */ = {isa = PBXBuildFile; fileRef = B73FB2452AC50EC9007C5A8B /* ActivityView.swift */; };
		B73FB24A2AC50EEC007C5A8B /* ProfileView.swift in Sources */ = {isa = PBXBuildFile; fileRef = B73FB2492AC50EEC007C5A8B /* ProfileView.swift */; };
		B73FB24C2AC5130E007C5A8B /* ThreadCell.swift in Sources */ = {isa = PBXBuildFile; fileRef = B73FB24B2AC5130E007C5A8B /* ThreadCell.swift */; };
/* End PBXBuildFile section */

/* Begin PBXFileReference section */
		B7033FB72AC4D07800B760F1 /* threads-clone.app */ = {isa = PBXFileReference; explicitFileType = wrapper.application; includeInIndex = 0; path = "threads-clone.app"; sourceTree = BUILT_PRODUCTS_DIR; };
		B7033FBA2AC4D07800B760F1 /* threads_cloneApp.swift */ = {isa = PBXFileReference; lastKnownFileType = sourcecode.swift; path = threads_cloneApp.swift; sourceTree = "<group>"; };
		B7033FBC2AC4D07800B760F1 /* ContentView.swift */ = {isa = PBXFileReference; lastKnownFileType = sourcecode.swift; path = ContentView.swift; sourceTree = "<group>"; };
		B7033FBE2AC4D07900B760F1 /* Assets.xcassets */ = {isa = PBXFileReference; lastKnownFileType = folder.assetcatalog; path = Assets.xcassets; sourceTree = "<group>"; };
		B7033FC12AC4D07900B760F1 /* Preview Assets.xcassets */ = {isa = PBXFileReference; lastKnownFileType = folder.assetcatalog; path = "Preview Assets.xcassets"; sourceTree = "<group>"; };
		B7033FD32AC4D23100B760F1 /* LoginView.swift */ = {isa = PBXFileReference; lastKnownFileType = sourcecode.swift; path = LoginView.swift; sourceTree = "<group>"; };
		B7033FD52AC4D6D100B760F1 /* .gitignore */ = {isa = PBXFileReference; lastKnownFileType = text; path = .gitignore; sourceTree = "<group>"; };
		B73FB22C2AC4FEEF007C5A8B /* RegistrationView.swift */ = {isa = PBXFileReference; lastKnownFileType = sourcecode.swift; path = RegistrationView.swift; sourceTree = "<group>"; };
		B73FB22F2AC5025F007C5A8B /* ThreadsTextFieldModifier.swift */ = {isa = PBXFileReference; lastKnownFileType = sourcecode.swift; path = ThreadsTextFieldModifier.swift; sourceTree = "<group>"; };
		B73FB2322AC50679007C5A8B /* ThreadsButtomFieldModifier.swift */ = {isa = PBXFileReference; lastKnownFileType = sourcecode.swift; path = ThreadsButtomFieldModifier.swift; sourceTree = "<group>"; };
		B73FB2342AC50787007C5A8B /* ThreadsTabView.swift */ = {isa = PBXFileReference; lastKnownFileType = sourcecode.swift; path = ThreadsTabView.swift; sourceTree = "<group>"; };
		B73FB2382AC50D99007C5A8B /* FeedView.swift */ = {isa = PBXFileReference; lastKnownFileType = sourcecode.swift; path = FeedView.swift; sourceTree = "<group>"; };
		B73FB23D2AC50E38007C5A8B /* ExploreView.swift */ = {isa = PBXFileReference; lastKnownFileType = sourcecode.swift; path = ExploreView.swift; sourceTree = "<group>"; };
		B73FB2412AC50E8D007C5A8B /* CreateThreadView.swift */ = {isa = PBXFileReference; lastKnownFileType = sourcecode.swift; path = CreateThreadView.swift; sourceTree = "<group>"; };
		B73FB2452AC50EC9007C5A8B /* ActivityView.swift */ = {isa = PBXFileReference; lastKnownFileType = sourcecode.swift; path = ActivityView.swift; sourceTree = "<group>"; };
		B73FB2492AC50EEC007C5A8B /* ProfileView.swift */ = {isa = PBXFileReference; lastKnownFileType = sourcecode.swift; path = ProfileView.swift; sourceTree = "<group>"; };
		B73FB24B2AC5130E007C5A8B /* ThreadCell.swift */ = {isa = PBXFileReference; lastKnownFileType = sourcecode.swift; path = ThreadCell.swift; sourceTree = "<group>"; };
/* End PBXFileReference section */

/* Begin PBXFrameworksBuildPhase section */
		B7033FB42AC4D07800B760F1 /* Frameworks */ = {
			isa = PBXFrameworksBuildPhase;
			buildActionMask = 2147483647;
			files = (
			);
			runOnlyForDeploymentPostprocessing = 0;
		};
/* End PBXFrameworksBuildPhase section */

/* Begin PBXGroup section */
		B7033FAE2AC4D07800B760F1 = {
			isa = PBXGroup;
			children = (
				B7033FD52AC4D6D100B760F1 /* .gitignore */,
				B7033FB92AC4D07800B760F1 /* threads-clone */,
				B7033FB82AC4D07800B760F1 /* Products */,
			);
			sourceTree = "<group>";
		};
		B7033FB82AC4D07800B760F1 /* Products */ = {
			isa = PBXGroup;
			children = (
				B7033FB72AC4D07800B760F1 /* threads-clone.app */,
			);
			name = Products;
			sourceTree = "<group>";
		};
		B7033FB92AC4D07800B760F1 /* threads-clone */ = {
			isa = PBXGroup;
			children = (
				B7033FCF2AC4D15400B760F1 /* App */,
				B7033FCE2AC4D15200B760F1 /* Core */,
				B7033FC82AC4D13600B760F1 /* Utils */,
				B7033FCD2AC4D15100B760F1 /* Extensions */,
				B7033FCC2AC4D14F00B760F1 /* Model */,
				B7033FCB2AC4D14D00B760F1 /* Services */,
				B7033FBE2AC4D07900B760F1 /* Assets.xcassets */,
				B7033FC02AC4D07900B760F1 /* Preview Content */,
			);
			path = "threads-clone";
			sourceTree = "<group>";
		};
		B7033FC02AC4D07900B760F1 /* Preview Content */ = {
			isa = PBXGroup;
			children = (
				B7033FC12AC4D07900B760F1 /* Preview Assets.xcassets */,
			);
			path = "Preview Content";
			sourceTree = "<group>";
		};
		B7033FC82AC4D13600B760F1 /* Utils */ = {
			isa = PBXGroup;
			children = (
				B73FB22E2AC50229007C5A8B /* ViewModifiers */,
			);
			path = Utils;
			sourceTree = "<group>";
		};
		B7033FCB2AC4D14D00B760F1 /* Services */ = {
			isa = PBXGroup;
			children = (
			);
			path = Services;
			sourceTree = "<group>";
		};
		B7033FCC2AC4D14F00B760F1 /* Model */ = {
			isa = PBXGroup;
			children = (
			);
			path = Model;
			sourceTree = "<group>";
		};
		B7033FCD2AC4D15100B760F1 /* Extensions */ = {
			isa = PBXGroup;
			children = (
			);
			path = Extensions;
			sourceTree = "<group>";
		};
		B7033FCE2AC4D15200B760F1 /* Core */ = {
			isa = PBXGroup;
			children = (
				B73FB2432AC50EAA007C5A8B /* Activity */,
				B73FB23A2AC50DDC007C5A8B /* Explore */,
				B73FB2472AC50ED9007C5A8B /* Profile */,
				B73FB23F2AC50E65007C5A8B /* ThreadCreation */,
				B73FB2362AC50D79007C5A8B /* Feed */,
				B7033FD12AC4D1BE00B760F1 /* Authentication */,
				B7033FD02AC4D1BD00B760F1 /* Root */,
				B73FB2312AC50552007C5A8B /* TabBar */,
			);
			path = Core;
			sourceTree = "<group>";
		};
		B7033FCF2AC4D15400B760F1 /* App */ = {
			isa = PBXGroup;
			children = (
				B7033FBA2AC4D07800B760F1 /* threads_cloneApp.swift */,
			);
			path = App;
			sourceTree = "<group>";
		};
		B7033FD02AC4D1BD00B760F1 /* Root */ = {
			isa = PBXGroup;
			children = (
				B7033FBC2AC4D07800B760F1 /* ContentView.swift */,
			);
			path = Root;
			sourceTree = "<group>";
		};
		B7033FD12AC4D1BE00B760F1 /* Authentication */ = {
			isa = PBXGroup;
			children = (
				B7033FD22AC4D1FF00B760F1 /* Views */,
			);
			path = Authentication;
			sourceTree = "<group>";
		};
		B7033FD22AC4D1FF00B760F1 /* Views */ = {
			isa = PBXGroup;
			children = (
				B7033FD32AC4D23100B760F1 /* LoginView.swift */,
				B73FB22C2AC4FEEF007C5A8B /* RegistrationView.swift */,
			);
			path = Views;
			sourceTree = "<group>";
		};
		B73FB22E2AC50229007C5A8B /* ViewModifiers */ = {
			isa = PBXGroup;
			children = (
				B73FB22F2AC5025F007C5A8B /* ThreadsTextFieldModifier.swift */,
				B73FB2322AC50679007C5A8B /* ThreadsButtomFieldModifier.swift */,
			);
			path = ViewModifiers;
			sourceTree = "<group>";
		};
		B73FB2312AC50552007C5A8B /* TabBar */ = {
			isa = PBXGroup;
			children = (
				B73FB2342AC50787007C5A8B /* ThreadsTabView.swift */,
			);
			path = TabBar;
			sourceTree = "<group>";
		};
		B73FB2362AC50D79007C5A8B /* Feed */ = {
			isa = PBXGroup;
			children = (
				B73FB2372AC50D85007C5A8B /* View */,
			);
			path = Feed;
			sourceTree = "<group>";
		};
		B73FB2372AC50D85007C5A8B /* View */ = {
			isa = PBXGroup;
			children = (
				B73FB2382AC50D99007C5A8B /* FeedView.swift */,
				B73FB24B2AC5130E007C5A8B /* ThreadCell.swift */,
			);
			path = View;
			sourceTree = "<group>";
		};
		B73FB23A2AC50DDC007C5A8B /* Explore */ = {
			isa = PBXGroup;
			children = (
				B73FB23B2AC50DE2007C5A8B /* View */,
			);
			path = Explore;
			sourceTree = "<group>";
		};
		B73FB23B2AC50DE2007C5A8B /* View */ = {
			isa = PBXGroup;
			children = (
				B73FB23D2AC50E38007C5A8B /* ExploreView.swift */,
			);
			path = View;
			sourceTree = "<group>";
		};
		B73FB23F2AC50E65007C5A8B /* ThreadCreation */ = {
			isa = PBXGroup;
			children = (
				B73FB2402AC50E6D007C5A8B /* View */,
			);
			path = ThreadCreation;
			sourceTree = "<group>";
		};
		B73FB2402AC50E6D007C5A8B /* View */ = {
			isa = PBXGroup;
			children = (
				B73FB2412AC50E8D007C5A8B /* CreateThreadView.swift */,
			);
			path = View;
			sourceTree = "<group>";
		};
		B73FB2432AC50EAA007C5A8B /* Activity */ = {
			isa = PBXGroup;
			children = (
				B73FB2442AC50EB4007C5A8B /* View */,
			);
			path = Activity;
			sourceTree = "<group>";
		};
		B73FB2442AC50EB4007C5A8B /* View */ = {
			isa = PBXGroup;
			children = (
				B73FB2452AC50EC9007C5A8B /* ActivityView.swift */,
			);
			path = View;
			sourceTree = "<group>";
		};
		B73FB2472AC50ED9007C5A8B /* Profile */ = {
			isa = PBXGroup;
			children = (
				B73FB2482AC50EDF007C5A8B /* View */,
			);
			path = Profile;
			sourceTree = "<group>";
		};
		B73FB2482AC50EDF007C5A8B /* View */ = {
			isa = PBXGroup;
			children = (
				B73FB2492AC50EEC007C5A8B /* ProfileView.swift */,
			);
			path = View;
			sourceTree = "<group>";
		};
/* End PBXGroup section */

/* Begin PBXNativeTarget section */
		B7033FB62AC4D07800B760F1 /* threads-clone */ = {
			isa = PBXNativeTarget;
			buildConfigurationList = B7033FC52AC4D07900B760F1 /* Build configuration list for PBXNativeTarget "threads-clone" */;
			buildPhases = (
				B7033FB32AC4D07800B760F1 /* Sources */,
				B7033FB42AC4D07800B760F1 /* Frameworks */,
				B7033FB52AC4D07800B760F1 /* Resources */,
			);
			buildRules = (
			);
			dependencies = (
			);
			name = "threads-clone";
			productName = "threads-clone";
			productReference = B7033FB72AC4D07800B760F1 /* threads-clone.app */;
			productType = "com.apple.product-type.application";
		};
/* End PBXNativeTarget section */

/* Begin PBXProject section */
		B7033FAF2AC4D07800B760F1 /* Project object */ = {
			isa = PBXProject;
			attributes = {
				BuildIndependentTargetsInParallel = 1;
				LastSwiftUpdateCheck = 1500;
				LastUpgradeCheck = 1500;
				TargetAttributes = {
					B7033FB62AC4D07800B760F1 = {
						CreatedOnToolsVersion = 15.0;
					};
				};
			};
			buildConfigurationList = B7033FB22AC4D07800B760F1 /* Build configuration list for PBXProject "threads-clone" */;
			compatibilityVersion = "Xcode 14.0";
			developmentRegion = en;
			hasScannedForEncodings = 0;
			knownRegions = (
				en,
				Base,
			);
			mainGroup = B7033FAE2AC4D07800B760F1;
			productRefGroup = B7033FB82AC4D07800B760F1 /* Products */;
			projectDirPath = "";
			projectRoot = "";
			targets = (
				B7033FB62AC4D07800B760F1 /* threads-clone */,
			);
		};
/* End PBXProject section */

/* Begin PBXResourcesBuildPhase section */
		B7033FB52AC4D07800B760F1 /* Resources */ = {
			isa = PBXResourcesBuildPhase;
			buildActionMask = 2147483647;
			files = (
				B7033FC22AC4D07900B760F1 /* Preview Assets.xcassets in Resources */,
				B7033FD62AC4D6D100B760F1 /* .gitignore in Resources */,
				B7033FBF2AC4D07900B760F1 /* Assets.xcassets in Resources */,
			);
			runOnlyForDeploymentPostprocessing = 0;
		};
/* End PBXResourcesBuildPhase section */

/* Begin PBXSourcesBuildPhase section */
		B7033FB32AC4D07800B760F1 /* Sources */ = {
			isa = PBXSourcesBuildPhase;
			buildActionMask = 2147483647;
			files = (
				B73FB2462AC50EC9007C5A8B /* ActivityView.swift in Sources */,
				B73FB2422AC50E8D007C5A8B /* CreateThreadView.swift in Sources */,
				B73FB2392AC50D9A007C5A8B /* FeedView.swift in Sources */,
				B73FB23E2AC50E38007C5A8B /* ExploreView.swift in Sources */,
				B73FB24A2AC50EEC007C5A8B /* ProfileView.swift in Sources */,
				B73FB22D2AC4FEEF007C5A8B /* RegistrationView.swift in Sources */,
				B73FB2352AC50788007C5A8B /* ThreadsTabView.swift in Sources */,
				B7033FD42AC4D23100B760F1 /* LoginView.swift in Sources */,
				B73FB24C2AC5130E007C5A8B /* ThreadCell.swift in Sources */,
				B73FB2332AC50679007C5A8B /* ThreadsButtomFieldModifier.swift in Sources */,
				B73FB2302AC5025F007C5A8B /* ThreadsTextFieldModifier.swift in Sources */,
				B7033FBD2AC4D07800B760F1 /* ContentView.swift in Sources */,
				B7033FBB2AC4D07800B760F1 /* threads_cloneApp.swift in Sources */,
			);
			runOnlyForDeploymentPostprocessing = 0;
		};
/* End PBXSourcesBuildPhase section */

/* Begin XCBuildConfiguration section */
		B7033FC32AC4D07900B760F1 /* Debug */ = {
			isa = XCBuildConfiguration;
			buildSettings = {
				ALWAYS_SEARCH_USER_PATHS = NO;
				ASSETCATALOG_COMPILER_GENERATE_SWIFT_ASSET_SYMBOL_EXTENSIONS = YES;
				CLANG_ANALYZER_NONNULL = YES;
				CLANG_ANALYZER_NUMBER_OBJECT_CONVERSION = YES_AGGRESSIVE;
				CLANG_CXX_LANGUAGE_STANDARD = "gnu++20";
				CLANG_ENABLE_MODULES = YES;
				CLANG_ENABLE_OBJC_ARC = YES;
				CLANG_ENABLE_OBJC_WEAK = YES;
				CLANG_WARN_BLOCK_CAPTURE_AUTORELEASING = YES;
				CLANG_WARN_BOOL_CONVERSION = YES;
				CLANG_WARN_COMMA = YES;
				CLANG_WARN_CONSTANT_CONVERSION = YES;
				CLANG_WARN_DEPRECATED_OBJC_IMPLEMENTATIONS = YES;
				CLANG_WARN_DIRECT_OBJC_ISA_USAGE = YES_ERROR;
				CLANG_WARN_DOCUMENTATION_COMMENTS = YES;
				CLANG_WARN_EMPTY_BODY = YES;
				CLANG_WARN_ENUM_CONVERSION = YES;
				CLANG_WARN_INFINITE_RECURSION = YES;
				CLANG_WARN_INT_CONVERSION = YES;
				CLANG_WARN_NON_LITERAL_NULL_CONVERSION = YES;
				CLANG_WARN_OBJC_IMPLICIT_RETAIN_SELF = YES;
				CLANG_WARN_OBJC_LITERAL_CONVERSION = YES;
				CLANG_WARN_OBJC_ROOT_CLASS = YES_ERROR;
				CLANG_WARN_QUOTED_INCLUDE_IN_FRAMEWORK_HEADER = YES;
				CLANG_WARN_RANGE_LOOP_ANALYSIS = YES;
				CLANG_WARN_STRICT_PROTOTYPES = YES;
				CLANG_WARN_SUSPICIOUS_MOVE = YES;
				CLANG_WARN_UNGUARDED_AVAILABILITY = YES_AGGRESSIVE;
				CLANG_WARN_UNREACHABLE_CODE = YES;
				CLANG_WARN__DUPLICATE_METHOD_MATCH = YES;
				COPY_PHASE_STRIP = NO;
				DEBUG_INFORMATION_FORMAT = dwarf;
				ENABLE_STRICT_OBJC_MSGSEND = YES;
				ENABLE_TESTABILITY = YES;
				ENABLE_USER_SCRIPT_SANDBOXING = YES;
				GCC_C_LANGUAGE_STANDARD = gnu17;
				GCC_DYNAMIC_NO_PIC = NO;
				GCC_NO_COMMON_BLOCKS = YES;
				GCC_OPTIMIZATION_LEVEL = 0;
				GCC_PREPROCESSOR_DEFINITIONS = (
					"DEBUG=1",
					"$(inherited)",
				);
				GCC_WARN_64_TO_32_BIT_CONVERSION = YES;
				GCC_WARN_ABOUT_RETURN_TYPE = YES_ERROR;
				GCC_WARN_UNDECLARED_SELECTOR = YES;
				GCC_WARN_UNINITIALIZED_AUTOS = YES_AGGRESSIVE;
				GCC_WARN_UNUSED_FUNCTION = YES;
				GCC_WARN_UNUSED_VARIABLE = YES;
				IPHONEOS_DEPLOYMENT_TARGET = 17.0;
				LOCALIZATION_PREFERS_STRING_CATALOGS = YES;
				MTL_ENABLE_DEBUG_INFO = INCLUDE_SOURCE;
				MTL_FAST_MATH = YES;
				ONLY_ACTIVE_ARCH = YES;
				SDKROOT = iphoneos;
				SWIFT_ACTIVE_COMPILATION_CONDITIONS = "DEBUG $(inherited)";
				SWIFT_OPTIMIZATION_LEVEL = "-Onone";
			};
			name = Debug;
		};
		B7033FC42AC4D07900B760F1 /* Release */ = {
			isa = XCBuildConfiguration;
			buildSettings = {
				ALWAYS_SEARCH_USER_PATHS = NO;
				ASSETCATALOG_COMPILER_GENERATE_SWIFT_ASSET_SYMBOL_EXTENSIONS = YES;
				CLANG_ANALYZER_NONNULL = YES;
				CLANG_ANALYZER_NUMBER_OBJECT_CONVERSION = YES_AGGRESSIVE;
				CLANG_CXX_LANGUAGE_STANDARD = "gnu++20";
				CLANG_ENABLE_MODULES = YES;
				CLANG_ENABLE_OBJC_ARC = YES;
				CLANG_ENABLE_OBJC_WEAK = YES;
				CLANG_WARN_BLOCK_CAPTURE_AUTORELEASING = YES;
				CLANG_WARN_BOOL_CONVERSION = YES;
				CLANG_WARN_COMMA = YES;
				CLANG_WARN_CONSTANT_CONVERSION = YES;
				CLANG_WARN_DEPRECATED_OBJC_IMPLEMENTATIONS = YES;
				CLANG_WARN_DIRECT_OBJC_ISA_USAGE = YES_ERROR;
				CLANG_WARN_DOCUMENTATION_COMMENTS = YES;
				CLANG_WARN_EMPTY_BODY = YES;
				CLANG_WARN_ENUM_CONVERSION = YES;
				CLANG_WARN_INFINITE_RECURSION = YES;
				CLANG_WARN_INT_CONVERSION = YES;
				CLANG_WARN_NON_LITERAL_NULL_CONVERSION = YES;
				CLANG_WARN_OBJC_IMPLICIT_RETAIN_SELF = YES;
				CLANG_WARN_OBJC_LITERAL_CONVERSION = YES;
				CLANG_WARN_OBJC_ROOT_CLASS = YES_ERROR;
				CLANG_WARN_QUOTED_INCLUDE_IN_FRAMEWORK_HEADER = YES;
				CLANG_WARN_RANGE_LOOP_ANALYSIS = YES;
				CLANG_WARN_STRICT_PROTOTYPES = YES;
				CLANG_WARN_SUSPICIOUS_MOVE = YES;
				CLANG_WARN_UNGUARDED_AVAILABILITY = YES_AGGRESSIVE;
				CLANG_WARN_UNREACHABLE_CODE = YES;
				CLANG_WARN__DUPLICATE_METHOD_MATCH = YES;
				COPY_PHASE_STRIP = NO;
				DEBUG_INFORMATION_FORMAT = "dwarf-with-dsym";
				ENABLE_NS_ASSERTIONS = NO;
				ENABLE_STRICT_OBJC_MSGSEND = YES;
				ENABLE_USER_SCRIPT_SANDBOXING = YES;
				GCC_C_LANGUAGE_STANDARD = gnu17;
				GCC_NO_COMMON_BLOCKS = YES;
				GCC_WARN_64_TO_32_BIT_CONVERSION = YES;
				GCC_WARN_ABOUT_RETURN_TYPE = YES_ERROR;
				GCC_WARN_UNDECLARED_SELECTOR = YES;
				GCC_WARN_UNINITIALIZED_AUTOS = YES_AGGRESSIVE;
				GCC_WARN_UNUSED_FUNCTION = YES;
				GCC_WARN_UNUSED_VARIABLE = YES;
				IPHONEOS_DEPLOYMENT_TARGET = 17.0;
				LOCALIZATION_PREFERS_STRING_CATALOGS = YES;
				MTL_ENABLE_DEBUG_INFO = NO;
				MTL_FAST_MATH = YES;
				SDKROOT = iphoneos;
				SWIFT_COMPILATION_MODE = wholemodule;
				VALIDATE_PRODUCT = YES;
			};
			name = Release;
		};
		B7033FC62AC4D07900B760F1 /* Debug */ = {
			isa = XCBuildConfiguration;
			buildSettings = {
				ASSETCATALOG_COMPILER_APPICON_NAME = AppIcon;
				ASSETCATALOG_COMPILER_GLOBAL_ACCENT_COLOR_NAME = AccentColor;
				CODE_SIGN_STYLE = Automatic;
				CURRENT_PROJECT_VERSION = 1;
				DEVELOPMENT_ASSET_PATHS = "\"threads-clone/Preview Content\"";
				ENABLE_PREVIEWS = YES;
				GENERATE_INFOPLIST_FILE = YES;
				INFOPLIST_KEY_UIApplicationSceneManifest_Generation = YES;
				INFOPLIST_KEY_UIApplicationSupportsIndirectInputEvents = YES;
				INFOPLIST_KEY_UILaunchScreen_Generation = YES;
				INFOPLIST_KEY_UISupportedInterfaceOrientations_iPad = "UIInterfaceOrientationPortrait UIInterfaceOrientationPortraitUpsideDown UIInterfaceOrientationLandscapeLeft UIInterfaceOrientationLandscapeRight";
				INFOPLIST_KEY_UISupportedInterfaceOrientations_iPhone = "UIInterfaceOrientationPortrait UIInterfaceOrientationLandscapeLeft UIInterfaceOrientationLandscapeRight";
				LD_RUNPATH_SEARCH_PATHS = (
					"$(inherited)",
					"@executable_path/Frameworks",
				);
				MARKETING_VERSION = 1.0;
				PRODUCT_BUNDLE_IDENTIFIER = "antonio-apt.threads-clone";
				PRODUCT_NAME = "$(TARGET_NAME)";
				SWIFT_EMIT_LOC_STRINGS = YES;
				SWIFT_VERSION = 5.0;
				TARGETED_DEVICE_FAMILY = "1,2";
			};
			name = Debug;
		};
		B7033FC72AC4D07900B760F1 /* Release */ = {
			isa = XCBuildConfiguration;
			buildSettings = {
				ASSETCATALOG_COMPILER_APPICON_NAME = AppIcon;
				ASSETCATALOG_COMPILER_GLOBAL_ACCENT_COLOR_NAME = AccentColor;
				CODE_SIGN_STYLE = Automatic;
				CURRENT_PROJECT_VERSION = 1;
				DEVELOPMENT_ASSET_PATHS = "\"threads-clone/Preview Content\"";
				ENABLE_PREVIEWS = YES;
				GENERATE_INFOPLIST_FILE = YES;
				INFOPLIST_KEY_UIApplicationSceneManifest_Generation = YES;
				INFOPLIST_KEY_UIApplicationSupportsIndirectInputEvents = YES;
				INFOPLIST_KEY_UILaunchScreen_Generation = YES;
				INFOPLIST_KEY_UISupportedInterfaceOrientations_iPad = "UIInterfaceOrientationPortrait UIInterfaceOrientationPortraitUpsideDown UIInterfaceOrientationLandscapeLeft UIInterfaceOrientationLandscapeRight";
				INFOPLIST_KEY_UISupportedInterfaceOrientations_iPhone = "UIInterfaceOrientationPortrait UIInterfaceOrientationLandscapeLeft UIInterfaceOrientationLandscapeRight";
				LD_RUNPATH_SEARCH_PATHS = (
					"$(inherited)",
					"@executable_path/Frameworks",
				);
				MARKETING_VERSION = 1.0;
				PRODUCT_BUNDLE_IDENTIFIER = "antonio-apt.threads-clone";
				PRODUCT_NAME = "$(TARGET_NAME)";
				SWIFT_EMIT_LOC_STRINGS = YES;
				SWIFT_VERSION = 5.0;
				TARGETED_DEVICE_FAMILY = "1,2";
			};
			name = Release;
		};
/* End XCBuildConfiguration section */

/* Begin XCConfigurationList section */
		B7033FB22AC4D07800B760F1 /* Build configuration list for PBXProject "threads-clone" */ = {
			isa = XCConfigurationList;
			buildConfigurations = (
				B7033FC32AC4D07900B760F1 /* Debug */,
				B7033FC42AC4D07900B760F1 /* Release */,
			);
			defaultConfigurationIsVisible = 0;
			defaultConfigurationName = Release;
		};
		B7033FC52AC4D07900B760F1 /* Build configuration list for PBXNativeTarget "threads-clone" */ = {
			isa = XCConfigurationList;
			buildConfigurations = (
				B7033FC62AC4D07900B760F1 /* Debug */,
				B7033FC72AC4D07900B760F1 /* Release */,
			);
			defaultConfigurationIsVisible = 0;
			defaultConfigurationName = Release;
		};
/* End XCConfigurationList section */
	};
	rootObject = B7033FAF2AC4D07800B760F1 /* Project object */;
}
